// !$*UTF8*$!
{
	archiveVersion = 1;
	classes = {
	};
	objectVersion = 46;
	objects = {

/* Begin PBXBuildFile section */
		674D6CC21C19492400E52DCA /* main.m in Sources */ = {isa = PBXBuildFile; fileRef = 674D6CC11C19492400E52DCA /* main.m */; };
		674D6CC51C19492400E52DCA /* AppDelegate.m in Sources */ = {isa = PBXBuildFile; fileRef = 674D6CC41C19492400E52DCA /* AppDelegate.m */; };
		674D6CC81C19492400E52DCA /* ViewController.m in Sources */ = {isa = PBXBuildFile; fileRef = 674D6CC71C19492400E52DCA /* ViewController.m */; };
		674D6CCB1C19492400E52DCA /* Main.storyboard in Resources */ = {isa = PBXBuildFile; fileRef = 674D6CC91C19492400E52DCA /* Main.storyboard */; };
		674D6CCD1C19492400E52DCA /* Assets.xcassets in Resources */ = {isa = PBXBuildFile; fileRef = 674D6CCC1C19492400E52DCA /* Assets.xcassets */; };
		674D6CD01C19492400E52DCA /* LaunchScreen.storyboard in Resources */ = {isa = PBXBuildFile; fileRef = 674D6CCE1C19492400E52DCA /* LaunchScreen.storyboard */; };
		674D6CDB1C19492400E52DCA /* AES____Tests.m in Sources */ = {isa = PBXBuildFile; fileRef = 674D6CDA1C19492400E52DCA /* AES____Tests.m */; };
		674D6CE61C19492400E52DCA /* AES____UITests.m in Sources */ = {isa = PBXBuildFile; fileRef = 674D6CE51C19492400E52DCA /* AES____UITests.m */; };
		674D6CF51C19499F00E52DCA /* NSData+Encryption.m in Sources */ = {isa = PBXBuildFile; fileRef = 674D6CF41C19499F00E52DCA /* NSData+Encryption.m */; };
/* End PBXBuildFile section */

/* Begin PBXContainerItemProxy section */
		674D6CD71C19492400E52DCA /* PBXContainerItemProxy */ = {
			isa = PBXContainerItemProxy;
			containerPortal = 674D6CB51C19492400E52DCA /* Project object */;
			proxyType = 1;
			remoteGlobalIDString = 674D6CBC1C19492400E52DCA;
			remoteInfo = "AES对称加密";
		};
		674D6CE21C19492400E52DCA /* PBXContainerItemProxy */ = {
			isa = PBXContainerItemProxy;
			containerPortal = 674D6CB51C19492400E52DCA /* Project object */;
			proxyType = 1;
			remoteGlobalIDString = 674D6CBC1C19492400E52DCA;
			remoteInfo = "AES对称加密";
		};
/* End PBXContainerItemProxy section */

/* Begin PBXFileReference section */
		674D6CBD1C19492400E52DCA /* AES对称加密.app */ = {isa = PBXFileReference; explicitFileType = wrapper.application; includeInIndex = 0; path = "AES对称加密.app"; sourceTree = BUILT_PRODUCTS_DIR; };
		674D6CC11C19492400E52DCA /* main.m */ = {isa = PBXFileReference; lastKnownFileType = sourcecode.c.objc; path = main.m; sourceTree = "<group>"; };
		674D6CC31C19492400E52DCA /* AppDelegate.h */ = {isa = PBXFileReference; lastKnownFileType = sourcecode.c.h; path = AppDelegate.h; sourceTree = "<group>"; };
		674D6CC41C19492400E52DCA /* AppDelegate.m */ = {isa = PBXFileReference; lastKnownFileType = sourcecode.c.objc; path = AppDelegate.m; sourceTree = "<group>"; };
		674D6CC61C19492400E52DCA /* ViewController.h */ = {isa = PBXFileReference; lastKnownFileType = sourcecode.c.h; path = ViewController.h; sourceTree = "<group>"; };
		674D6CC71C19492400E52DCA /* ViewController.m */ = {isa = PBXFileReference; lastKnownFileType = sourcecode.c.objc; path = ViewController.m; sourceTree = "<group>"; };
		674D6CCA1C19492400E52DCA /* Base */ = {isa = PBXFileReference; lastKnownFileType = file.storyboard; name = Base; path = Base.lproj/Main.storyboard; sourceTree = "<group>"; };
		674D6CCC1C19492400E52DCA /* Assets.xcassets */ = {isa = PBXFileReference; lastKnownFileType = folder.assetcatalog; path = Assets.xcassets; sourceTree = "<group>"; };
		674D6CCF1C19492400E52DCA /* Base */ = {isa = PBXFileReference; lastKnownFileType = file.storyboard; name = Base; path = Base.lproj/LaunchScreen.storyboard; sourceTree = "<group>"; };
		674D6CD11C19492400E52DCA /* Info.plist */ = {isa = PBXFileReference; lastKnownFileType = text.plist.xml; path = Info.plist; sourceTree = "<group>"; };
		674D6CD61C19492400E52DCA /* AES对称加密Tests.xctest */ = {isa = PBXFileReference; explicitFileType = wrapper.cfbundle; includeInIndex = 0; path = "AES对称加密Tests.xctest"; sourceTree = BUILT_PRODUCTS_DIR; };
		674D6CDA1C19492400E52DCA /* AES____Tests.m */ = {isa = PBXFileReference; lastKnownFileType = sourcecode.c.objc; path = "AES____Tests.m"; sourceTree = "<group>"; };
		674D6CDC1C19492400E52DCA /* Info.plist */ = {isa = PBXFileReference; lastKnownFileType = text.plist.xml; path = Info.plist; sourceTree = "<group>"; };
		674D6CE11C19492400E52DCA /* AES对称加密UITests.xctest */ = {isa = PBXFileReference; explicitFileType = wrapper.cfbundle; includeInIndex = 0; path = "AES对称加密UITests.xctest"; sourceTree = BUILT_PRODUCTS_DIR; };
		674D6CE51C19492400E52DCA /* AES____UITests.m */ = {isa = PBXFileReference; lastKnownFileType = sourcecode.c.objc; path = "AES____UITests.m"; sourceTree = "<group>"; };
		674D6CE71C19492400E52DCA /* Info.plist */ = {isa = PBXFileReference; lastKnownFileType = text.plist.xml; path = Info.plist; sourceTree = "<group>"; };
		674D6CF31C19499F00E52DCA /* NSData+Encryption.h */ = {isa = PBXFileReference; fileEncoding = 4; lastKnownFileType = sourcecode.c.h; path = "NSData+Encryption.h"; sourceTree = "<group>"; };
		674D6CF41C19499F00E52DCA /* NSData+Encryption.m */ = {isa = PBXFileReference; fileEncoding = 4; lastKnownFileType = sourcecode.c.objc; path = "NSData+Encryption.m"; sourceTree = "<group>"; };
/* End PBXFileReference section */

/* Begin PBXFrameworksBuildPhase section */
		674D6CBA1C19492400E52DCA /* Frameworks */ = {
			isa = PBXFrameworksBuildPhase;
			buildActionMask = 2147483647;
			files = (
			);
			runOnlyForDeploymentPostprocessing = 0;
		};
		674D6CD31C19492400E52DCA /* Frameworks */ = {
			isa = PBXFrameworksBuildPhase;
			buildActionMask = 2147483647;
			files = (
			);
			runOnlyForDeploymentPostprocessing = 0;
		};
		674D6CDE1C19492400E52DCA /* Frameworks */ = {
			isa = PBXFrameworksBuildPhase;
			buildActionMask = 2147483647;
			files = (
			);
			runOnlyForDeploymentPostprocessing = 0;
		};
/* End PBXFrameworksBuildPhase section */

/* Begin PBXGroup section */
		674D6CB41C19492400E52DCA = {
			isa = PBXGroup;
			children = (
				674D6CBF1C19492400E52DCA /* AES对称加密 */,
				674D6CD91C19492400E52DCA /* AES对称加密Tests */,
				674D6CE41C19492400E52DCA /* AES对称加密UITests */,
				674D6CBE1C19492400E52DCA /* Products */,
			);
			sourceTree = "<group>";
		};
		674D6CBE1C19492400E52DCA /* Products */ = {
			isa = PBXGroup;
			children = (
				674D6CBD1C19492400E52DCA /* AES对称加密.app */,
				674D6CD61C19492400E52DCA /* AES对称加密Tests.xctest */,
				674D6CE11C19492400E52DCA /* AES对称加密UITests.xctest */,
			);
			name = Products;
			sourceTree = "<group>";
		};
		674D6CBF1C19492400E52DCA /* AES对称加密 */ = {
			isa = PBXGroup;
			children = (
				674D6CC31C19492400E52DCA /* AppDelegate.h */,
				674D6CC41C19492400E52DCA /* AppDelegate.m */,
				674D6CF31C19499F00E52DCA /* NSData+Encryption.h */,
				674D6CF41C19499F00E52DCA /* NSData+Encryption.m */,
				674D6CC61C19492400E52DCA /* ViewController.h */,
				674D6CC71C19492400E52DCA /* ViewController.m */,
				674D6CC91C19492400E52DCA /* Main.storyboard */,
				674D6CCC1C19492400E52DCA /* Assets.xcassets */,
				674D6CCE1C19492400E52DCA /* LaunchScreen.storyboard */,
				674D6CD11C19492400E52DCA /* Info.plist */,
				674D6CC01C19492400E52DCA /* Supporting Files */,
			);
			path = "AES对称加密";
			sourceTree = "<group>";
		};
		674D6CC01C19492400E52DCA /* Supporting Files */ = {
			isa = PBXGroup;
			children = (
				674D6CC11C19492400E52DCA /* main.m */,
			);
			name = "Supporting Files";
			sourceTree = "<group>";
		};
		674D6CD91C19492400E52DCA /* AES对称加密Tests */ = {
			isa = PBXGroup;
			children = (
				674D6CDA1C19492400E52DCA /* AES____Tests.m */,
				674D6CDC1C19492400E52DCA /* Info.plist */,
			);
			path = "AES对称加密Tests";
			sourceTree = "<group>";
		};
		674D6CE41C19492400E52DCA /* AES对称加密UITests */ = {
			isa = PBXGroup;
			children = (
				674D6CE51C19492400E52DCA /* AES____UITests.m */,
				674D6CE71C19492400E52DCA /* Info.plist */,
			);
			path = "AES对称加密UITests";
			sourceTree = "<group>";
		};
/* End PBXGroup section */

/* Begin PBXNativeTarget section */
		674D6CBC1C19492400E52DCA /* AES对称加密 */ = {
			isa = PBXNativeTarget;
			buildConfigurationList = 674D6CEA1C19492400E52DCA /* Build configuration list for PBXNativeTarget "AES对称加密" */;
			buildPhases = (
				674D6CB91C19492400E52DCA /* Sources */,
				674D6CBA1C19492400E52DCA /* Frameworks */,
				674D6CBB1C19492400E52DCA /* Resources */,
			);
			buildRules = (
			);
			dependencies = (
			);
			name = "AES对称加密";
			productName = "AES对称加密";
			productReference = 674D6CBD1C19492400E52DCA /* AES对称加密.app */;
			productType = "com.apple.product-type.application";
		};
		674D6CD51C19492400E52DCA /* AES对称加密Tests */ = {
			isa = PBXNativeTarget;
			buildConfigurationList = 674D6CED1C19492400E52DCA /* Build configuration list for PBXNativeTarget "AES对称加密Tests" */;
			buildPhases = (
				674D6CD21C19492400E52DCA /* Sources */,
				674D6CD31C19492400E52DCA /* Frameworks */,
				674D6CD41C19492400E52DCA /* Resources */,
			);
			buildRules = (
			);
			dependencies = (
				674D6CD81C19492400E52DCA /* PBXTargetDependency */,
			);
			name = "AES对称加密Tests";
			productName = "AES对称加密Tests";
			productReference = 674D6CD61C19492400E52DCA /* AES对称加密Tests.xctest */;
			productType = "com.apple.product-type.bundle.unit-test";
		};
		674D6CE01C19492400E52DCA /* AES对称加密UITests */ = {
			isa = PBXNativeTarget;
			buildConfigurationList = 674D6CF01C19492400E52DCA /* Build configuration list for PBXNativeTarget "AES对称加密UITests" */;
			buildPhases = (
				674D6CDD1C19492400E52DCA /* Sources */,
				674D6CDE1C19492400E52DCA /* Frameworks */,
				674D6CDF1C19492400E52DCA /* Resources */,
			);
			buildRules = (
			);
			dependencies = (
				674D6CE31C19492400E52DCA /* PBXTargetDependency */,
			);
			name = "AES对称加密UITests";
			productName = "AES对称加密UITests";
			productReference = 674D6CE11C19492400E52DCA /* AES对称加密UITests.xctest */;
			productType = "com.apple.product-type.bundle.ui-testing";
		};
/* End PBXNativeTarget section */

/* Begin PBXProject section */
		674D6CB51C19492400E52DCA /* Project object */ = {
			isa = PBXProject;
			attributes = {
				LastUpgradeCheck = 0710;
				ORGANIZATIONNAME = NavchinaMacBook;
				TargetAttributes = {
					674D6CBC1C19492400E52DCA = {
						CreatedOnToolsVersion = 7.1;
					};
					674D6CD51C19492400E52DCA = {
						CreatedOnToolsVersion = 7.1;
						TestTargetID = 674D6CBC1C19492400E52DCA;
					};
					674D6CE01C19492400E52DCA = {
						CreatedOnToolsVersion = 7.1;
						TestTargetID = 674D6CBC1C19492400E52DCA;
					};
				};
			};
			buildConfigurationList = 674D6CB81C19492400E52DCA /* Build configuration list for PBXProject "AES对称加密" */;
			compatibilityVersion = "Xcode 3.2";
			developmentRegion = English;
			hasScannedForEncodings = 0;
			knownRegions = (
				en,
				Base,
			);
			mainGroup = 674D6CB41C19492400E52DCA;
			productRefGroup = 674D6CBE1C19492400E52DCA /* Products */;
			projectDirPath = "";
			projectRoot = "";
			targets = (
				674D6CBC1C19492400E52DCA /* AES对称加密 */,
				674D6CD51C19492400E52DCA /* AES对称加密Tests */,
				674D6CE01C19492400E52DCA /* AES对称加密UITests */,
			);
		};
/* End PBXProject section */

/* Begin PBXResourcesBuildPhase section */
		674D6CBB1C19492400E52DCA /* Resources */ = {
			isa = PBXResourcesBuildPhase;
			buildActionMask = 2147483647;
			files = (
				674D6CD01C19492400E52DCA /* LaunchScreen.storyboard in Resources */,
				674D6CCD1C19492400E52DCA /* Assets.xcassets in Resources */,
				674D6CCB1C19492400E52DCA /* Main.storyboard in Resources */,
			);
			runOnlyForDeploymentPostprocessing = 0;
		};
		674D6CD41C19492400E52DCA /* Resources */ = {
			isa = PBXResourcesBuildPhase;
			buildActionMask = 2147483647;
			files = (
			);
			runOnlyForDeploymentPostprocessing = 0;
		};
		674D6CDF1C19492400E52DCA /* Resources */ = {
			isa = PBXResourcesBuildPhase;
			buildActionMask = 2147483647;
			files = (
			);
			runOnlyForDeploymentPostprocessing = 0;
		};
/* End PBXResourcesBuildPhase section */

/* Begin PBXSourcesBuildPhase section */
		674D6CB91C19492400E52DCA /* Sources */ = {
			isa = PBXSourcesBuildPhase;
			buildActionMask = 2147483647;
			files = (
				674D6CC81C19492400E52DCA /* ViewController.m in Sources */,
				674D6CC51C19492400E52DCA /* AppDelegate.m in Sources */,
				674D6CC21C19492400E52DCA /* main.m in Sources */,
				674D6CF51C19499F00E52DCA /* NSData+Encryption.m in Sources */,
			);
			runOnlyForDeploymentPostprocessing = 0;
		};
		674D6CD21C19492400E52DCA /* Sources */ = {
			isa = PBXSourcesBuildPhase;
			buildActionMask = 2147483647;
			files = (
				674D6CDB1C19492400E52DCA /* AES____Tests.m in Sources */,
			);
			runOnlyForDeploymentPostprocessing = 0;
		};
		674D6CDD1C19492400E52DCA /* Sources */ = {
			isa = PBXSourcesBuildPhase;
			buildActionMask = 2147483647;
			files = (
				674D6CE61C19492400E52DCA /* AES____UITests.m in Sources */,
			);
			runOnlyForDeploymentPostprocessing = 0;
		};
/* End PBXSourcesBuildPhase section */

/* Begin PBXTargetDependency section */
		674D6CD81C19492400E52DCA /* PBXTargetDependency */ = {
			isa = PBXTargetDependency;
			target = 674D6CBC1C19492400E52DCA /* AES对称加密 */;
			targetProxy = 674D6CD71C19492400E52DCA /* PBXContainerItemProxy */;
		};
		674D6CE31C19492400E52DCA /* PBXTargetDependency */ = {
			isa = PBXTargetDependency;
			target = 674D6CBC1C19492400E52DCA /* AES对称加密 */;
			targetProxy = 674D6CE21C19492400E52DCA /* PBXContainerItemProxy */;
		};
/* End PBXTargetDependency section */

/* Begin PBXVariantGroup section */
		674D6CC91C19492400E52DCA /* Main.storyboard */ = {
			isa = PBXVariantGroup;
			children = (
				674D6CCA1C19492400E52DCA /* Base */,
			);
			name = Main.storyboard;
			sourceTree = "<group>";
		};
		674D6CCE1C19492400E52DCA /* LaunchScreen.storyboard */ = {
			isa = PBXVariantGroup;
			children = (
				674D6CCF1C19492400E52DCA /* Base */,
			);
			name = LaunchScreen.storyboard;
			sourceTree = "<group>";
		};
/* End PBXVariantGroup section */

/* Begin XCBuildConfiguration section */
		674D6CE81C19492400E52DCA /* Debug */ = {
			isa = XCBuildConfiguration;
			buildSettings = {
				ALWAYS_SEARCH_USER_PATHS = NO;
				CLANG_CXX_LANGUAGE_STANDARD = "gnu++0x";
				CLANG_CXX_LIBRARY = "libc++";
				CLANG_ENABLE_MODULES = YES;
				CLANG_ENABLE_OBJC_ARC = YES;
				CLANG_WARN_BOOL_CONVERSION = YES;
				CLANG_WARN_CONSTANT_CONVERSION = YES;
				CLANG_WARN_DIRECT_OBJC_ISA_USAGE = YES_ERROR;
				CLANG_WARN_EMPTY_BODY = YES;
				CLANG_WARN_ENUM_CONVERSION = YES;
				CLANG_WARN_INT_CONVERSION = YES;
				CLANG_WARN_OBJC_ROOT_CLASS = YES_ERROR;
				CLANG_WARN_UNREACHABLE_CODE = YES;
				CLANG_WARN__DUPLICATE_METHOD_MATCH = YES;
				"CODE_SIGN_IDENTITY[sdk=iphoneos*]" = "iPhone Developer";
				COPY_PHASE_STRIP = NO;
				DEBUG_INFORMATION_FORMAT = dwarf;
				ENABLE_STRICT_OBJC_MSGSEND = YES;
				ENABLE_TESTABILITY = YES;
				GCC_C_LANGUAGE_STANDARD = gnu99;
				GCC_DYNAMIC_NO_PIC = NO;
				GCC_NO_COMMON_BLOCKS = YES;
				GCC_OPTIMIZATION_LEVEL = 0;
				GCC_PREPROCESSOR_DEFINITIONS = (
					"DEBUG=1",
					"$(inherited)",
				);
				GCC_WARN_64_TO_32_BIT_CONVERSION = YES;
				GCC_WARN_ABOUT_RETURN_TYPE = YES_ERROR;
				GCC_WARN_UNDECLARED_SELECTOR = YES;
				GCC_WARN_UNINITIALIZED_AUTOS = YES_AGGRESSIVE;
				GCC_WARN_UNUSED_FUNCTION = YES;
				GCC_WARN_UNUSED_VARIABLE = YES;
				IPHONEOS_DEPLOYMENT_TARGET = 9.1;
				MTL_ENABLE_DEBUG_INFO = YES;
				ONLY_ACTIVE_ARCH = YES;
				SDKROOT = iphoneos;
			};
			name = Debug;
		};
		674D6CE91C19492400E52DCA /* Release */ = {
			isa = XCBuildConfiguration;
			buildSettings = {
				ALWAYS_SEARCH_USER_PATHS = NO;
				CLANG_CXX_LANGUAGE_STANDARD = "gnu++0x";
				CLANG_CXX_LIBRARY = "libc++";
				CLANG_ENABLE_MODULES = YES;
				CLANG_ENABLE_OBJC_ARC = YES;
				CLANG_WARN_BOOL_CONVERSION = YES;
				CLANG_WARN_CONSTANT_CONVERSION = YES;
				CLANG_WARN_DIRECT_OBJC_ISA_USAGE = YES_ERROR;
				CLANG_WARN_EMPTY_BODY = YES;
				CLANG_WARN_ENUM_CONVERSION = YES;
				CLANG_WARN_INT_CONVERSION = YES;
				CLANG_WARN_OBJC_ROOT_CLASS = YES_ERROR;
				CLANG_WARN_UNREACHABLE_CODE = YES;
				CLANG_WARN__DUPLICATE_METHOD_MATCH = YES;
				"CODE_SIGN_IDENTITY[sdk=iphoneos*]" = "iPhone Developer";
				COPY_PHASE_STRIP = NO;
				DEBUG_INFORMATION_FORMAT = "dwarf-with-dsym";
				ENABLE_NS_ASSERTIONS = NO;
				ENABLE_STRICT_OBJC_MSGSEND = YES;
				GCC_C_LANGUAGE_STANDARD = gnu99;
				GCC_NO_COMMON_BLOCKS = YES;
				GCC_WARN_64_TO_32_BIT_CONVERSION = YES;
				GCC_WARN_ABOUT_RETURN_TYPE = YES_ERROR;
				GCC_WARN_UNDECLARED_SELECTOR = YES;
				GCC_WARN_UNINITIALIZED_AUTOS = YES_AGGRESSIVE;
				GCC_WARN_UNUSED_FUNCTION = YES;
				GCC_WARN_UNUSED_VARIABLE = YES;
				IPHONEOS_DEPLOYMENT_TARGET = 9.1;
				MTL_ENABLE_DEBUG_INFO = NO;
				SDKROOT = iphoneos;
				VALIDATE_PRODUCT = YES;
			};
			name = Release;
		};
		674D6CEB1C19492400E52DCA /* Debug */ = {
			isa = XCBuildConfiguration;
			buildSettings = {
				ASSETCATALOG_COMPILER_APPICON_NAME = AppIcon;
				INFOPLIST_FILE = "AES对称加密/Info.plist";
				LD_RUNPATH_SEARCH_PATHS = "$(inherited) @executable_path/Frameworks";
				PRODUCT_BUNDLE_IDENTIFIER = "ZHC.AES----";
				PRODUCT_NAME = "$(TARGET_NAME)";
			};
			name = Debug;
		};
		674D6CEC1C19492400E52DCA /* Release */ = {
			isa = XCBuildConfiguration;
			buildSettings = {
				ASSETCATALOG_COMPILER_APPICON_NAME = AppIcon;
				INFOPLIST_FILE = "AES对称加密/Info.plist";
				LD_RUNPATH_SEARCH_PATHS = "$(inherited) @executable_path/Frameworks";
				PRODUCT_BUNDLE_IDENTIFIER = "ZHC.AES----";
				PRODUCT_NAME = "$(TARGET_NAME)";
			};
			name = Release;
		};
		674D6CEE1C19492400E52DCA /* Debug */ = {
			isa = XCBuildConfiguration;
			buildSettings = {
				BUNDLE_LOADER = "$(TEST_HOST)";
				INFOPLIST_FILE = "AES对称加密Tests/Info.plist";
				LD_RUNPATH_SEARCH_PATHS = "$(inherited) @executable_path/Frameworks @loader_path/Frameworks";
				PRODUCT_BUNDLE_IDENTIFIER = "ZHC.AES----Tests";
				PRODUCT_NAME = "$(TARGET_NAME)";
				TEST_HOST = "$(BUILT_PRODUCTS_DIR)/AES对称加密.app/AES对称加密";
			};
			name = Debug;
		};
		674D6CEF1C19492400E52DCA /* Release */ = {
			isa = XCBuildConfiguration;
			buildSettings = {
				BUNDLE_LOADER = "$(TEST_HOST)";
				INFOPLIST_FILE = "AES对称加密Tests/Info.plist";
				LD_RUNPATH_SEARCH_PATHS = "$(inherited) @executable_path/Frameworks @loader_path/Frameworks";
				PRODUCT_BUNDLE_IDENTIFIER = "ZHC.AES----Tests";
				PRODUCT_NAME = "$(TARGET_NAME)";
				TEST_HOST = "$(BUILT_PRODUCTS_DIR)/AES对称加密.app/AES对称加密";
			};
			name = Release;
		};
		674D6CF11C19492400E52DCA /* Debug */ = {
			isa = XCBuildConfiguration;
			buildSettings = {
				INFOPLIST_FILE = "AES对称加密UITests/Info.plist";
				LD_RUNPATH_SEARCH_PATHS = "$(inherited) @executable_path/Frameworks @loader_path/Frameworks";
				PRODUCT_BUNDLE_IDENTIFIER = "ZHC.AES----UITests";
				PRODUCT_NAME = "$(TARGET_NAME)";
				TEST_TARGET_NAME = "AES对称加密";
				USES_XCTRUNNER = YES;
			};
			name = Debug;
		};
		674D6CF21C19492400E52DCA /* Release */ = {
			isa = XCBuildConfiguration;
			buildSettings = {
				INFOPLIST_FILE = "AES对称加密UITests/Info.plist";
				LD_RUNPATH_SEARCH_PATHS = "$(inherited) @executable_path/Frameworks @loader_path/Frameworks";
				PRODUCT_BUNDLE_IDENTIFIER = "ZHC.AES----UITests";
				PRODUCT_NAME = "$(TARGET_NAME)";
				TEST_TARGET_NAME = "AES对称加密";
				USES_XCTRUNNER = YES;
			};
			name = Release;
		};
/* End XCBuildConfiguration section */

/* Begin XCConfigurationList section */
		674D6CB81C19492400E52DCA /* Build configuration list for PBXProject "AES对称加密" */ = {
			isa = XCConfigurationList;
			buildConfigurations = (
				674D6CE81C19492400E52DCA /* Debug */,
				674D6CE91C19492400E52DCA /* Release */,
			);
			defaultConfigurationIsVisible = 0;
			defaultConfigurationName = Release;
		};
		674D6CEA1C19492400E52DCA /* Build configuration list for PBXNativeTarget "AES对称加密" */ = {
			isa = XCConfigurationList;
			buildConfigurations = (
				674D6CEB1C19492400E52DCA /* Debug */,
				674D6CEC1C19492400E52DCA /* Release */,
			);
			defaultConfigurationIsVisible = 0;
		};
		674D6CED1C19492400E52DCA /* Build configuration list for PBXNativeTarget "AES对称加密Tests" */ = {
			isa = XCConfigurationList;
			buildConfigurations = (
				674D6CEE1C19492400E52DCA /* Debug */,
				674D6CEF1C19492400E52DCA /* Release */,
			);
			defaultConfigurationIsVisible = 0;
		};
		674D6CF01C19492400E52DCA /* Build configuration list for PBXNativeTarget "AES对称加密UITests" */ = {
			isa = XCConfigurationList;
			buildConfigurations = (
				674D6CF11C19492400E52DCA /* Debug */,
				674D6CF21C19492400E52DCA /* Release */,
			);
			defaultConfigurationIsVisible = 0;
		};
/* End XCConfigurationList section */
	};
	rootObject = 674D6CB51C19492400E52DCA /* Project object */;
}
